{
  "nodes": {
    "fenix": {
      "inputs": {
        "nixpkgs": [
          "nixpkgs"
        ],
        "rust-analyzer-src": "rust-analyzer-src"
      },
      "locked": {
        "lastModified": 1705731714,
        "narHash": "sha256-aMeN/ASG4n7RIIPLiy+txoMdDTvIcaRDX6acbeeRtEU=",
        "owner": "nix-community",
        "repo": "fenix",
        "rev": "712f25ec7e1f5839d486b246a5afa5e31f5df6ff",
        "type": "github"
      },
      "original": {
        "owner": "nix-community",
        "repo": "fenix",
        "type": "github"
      }
    },
    "flake-utils": {
      "inputs": {
        "systems": "systems"
      },
      "locked": {
        "lastModified": 1705309234,
        "narHash": "sha256-uNRRNRKmJyCRC/8y1RqBkqWBLM034y4qN7EprSdmgyA=",
        "owner": "numtide",
        "repo": "flake-utils",
        "rev": "1ef2e671c3b0c19053962c07dbda38332dcebf26",
        "type": "github"
      },
      "original": {
        "owner": "numtide",
        "repo": "flake-utils",
        "type": "github"
      }
    },
    "nixpkgs": {
      "locked": {
        "lastModified": 1705788817,
        "narHash": "sha256-bsTrWRP0tLtJwmQD3LrkhWorTsyv0YLe4p5W8tWRA+w=",
        "owner": "nixos",
        "repo": "nixpkgs",
        "rev": "4253fc8bf181a62c7f2328e7fc71bcaa8bbbd613",
        "type": "github"
      },
      "original": {
        "owner": "nixos",
        "ref": "refs/heads/master",
        "repo": "nixpkgs",
        "type": "github"
      }
    },
    "nixpkgs-asciidoc": {
      "locked": {
        "lastModified": 1686065153,
        "narHash": "sha256-0Dqszmgln0a9sNokD47eVseSaP4wQ95iISUQcsZCH+s=",
        "owner": "zebreus",
        "repo": "nixpkgs",
        "rev": "f1a3be7a1160cc4810c0274ab76f0fac813eb4d6",
        "type": "github"
      },
      "original": {
        "owner": "zebreus",
        "ref": "f1a3be7a1160cc4810c0274ab76f0fac813eb4d6",
        "repo": "nixpkgs",
        "type": "github"
      }
    },
    "root": {
      "inputs": {
        "fenix": "fenix",
        "flake-utils": "flake-utils",
        "nixpkgs": "nixpkgs",
        "nixpkgs-asciidoc": "nixpkgs-asciidoc"
      }
    },
    "rust-analyzer-src": {
      "flake": false,
      "locked": {
        "lastModified": 1705697225,
        "narHash": "sha256-eLMwix3LPsgqnbdLMWivBCSBrWnaAA50JtMNnInTopg=",
        "owner": "rust-lang",
        "repo": "rust-analyzer",
        "rev": "67cfbf231c1e2ba3129529de950d1c4ca7921404",
        "type": "github"
      },
      "original": {
        "owner": "rust-lang",
        "ref": "nightly",
        "repo": "rust-analyzer",
        "type": "github"
      }
    },
    "systems": {
      "locked": {
        "lastModified": 1681028828,
        "narHash": "sha256-Vy1rq5AaRuLzOxct8nz4T6wlgyUR7zLU309k9mBC768=",
        "owner": "nix-systems",
        "repo": "default",
        "rev": "da67096a3b9bf56a91d16901293e51ba5b49a27e",
        "type": "github"
      },
      "original": {
        "owner": "nix-systems",
        "repo": "default",
        "type": "github"
      }
    }
  },
  "root": "root",
  "version": 7
}
